// !$*UTF8*$!
{
	archiveVersion = 1;
	classes = {
	};
	objectVersion = 90;
	objects = {

/* Begin PBXBuildFile section */
		B30140AC2E848F9A0075CE86 /* DataModel.swift in Sources */ = {isa = PBXBuildFile; fileRef = B30140AB2E848F920075CE86 /* DataModel.swift */; };
		B30140B82E8623310075CE86 /* ColorSchemeView.swift in Sources */ = {isa = PBXBuildFile; fileRef = B30140B72E86232B0075CE86 /* ColorSchemeView.swift */; };
		B30140BA2E8625DD0075CE86 /* Utils.swift in Sources */ = {isa = PBXBuildFile; fileRef = B30140B92E8625DB0075CE86 /* Utils.swift */; };
		B30140BC2E86E2EE0075CE86 /* StyleView.swift in Sources */ = {isa = PBXBuildFile; fileRef = B30140BB2E86E2EB0075CE86 /* StyleView.swift */; };
		B30140BE2E87028C0075CE86 /* MainView.swift in Sources */ = {isa = PBXBuildFile; fileRef = B30140BD2E87026F0075CE86 /* MainView.swift */; };
		B3439CF52EA55F09006B5DFB /* squirrel_settings.yaml in Resources */ = {isa = PBXBuildFile; fileRef = B38E65012EA0196E008762B3 /* squirrel_settings.yaml */; };
		B3439CF62EA55F09006B5DFB /* input_template.yaml in Resources */ = {isa = PBXBuildFile; fileRef = B38E65002EA0196E008762B3 /* input_template.yaml */; };
		B3439CF72EA55FA2006B5DFB /* ConfigData.swift in Sources */ = {isa = PBXBuildFile; fileRef = B3CC931C2E7DDFB4005FD289 /* ConfigData.swift */; };
		B38E64F52EA006F2008762B3 /* Rime.icon in Resources */ = {isa = PBXBuildFile; fileRef = B38E64F42EA006F2008762B3 /* Rime.icon */; };
		B38E65022EA0196E008762B3 /* squirrel_settings.yaml in Resources */ = {isa = PBXBuildFile; fileRef = B38E65012EA0196E008762B3 /* squirrel_settings.yaml */; };
		B38E65032EA0196E008762B3 /* input_template.yaml in Resources */ = {isa = PBXBuildFile; fileRef = B38E65002EA0196E008762B3 /* input_template.yaml */; };
		B38E65052EA04330008762B3 /* InfoPlist.xcstrings in Resources */ = {isa = PBXBuildFile; fileRef = B38E65042EA04330008762B3 /* InfoPlist.xcstrings */; };
		B3CC931D2E7DDFC9005FD289 /* ConfigData.swift in Sources */ = {isa = PBXBuildFile; fileRef = B3CC931C2E7DDFB4005FD289 /* ConfigData.swift */; };
		B3CC93292E7DE062005FD289 /* Yams in Frameworks */ = {isa = PBXBuildFile; productRef = B3CC93282E7DE062005FD289 /* Yams */; };
		B3E48C412E9DCD2E00AFCF90 /* SquirrelPanel.swift in Sources */ = {isa = PBXBuildFile; fileRef = B3E48C3E2E9DCD2E00AFCF90 /* SquirrelPanel.swift */; };
		B3E48C422E9DCD2E00AFCF90 /* SquirrelTheme.swift in Sources */ = {isa = PBXBuildFile; fileRef = B3E48C3F2E9DCD2E00AFCF90 /* SquirrelTheme.swift */; };
		B3E48C432E9DCD2E00AFCF90 /* SquirrelView.swift in Sources */ = {isa = PBXBuildFile; fileRef = B3E48C402E9DCD2E00AFCF90 /* SquirrelView.swift */; };
		B3E657E62E7DDE900000B94F /* Localizable.xcstrings in Resources */ = {isa = PBXBuildFile; fileRef = B3E657E52E7DDE900000B94F /* Localizable.xcstrings */; };
		B3E7AF502E87305600D5A1F7 /* TemplateView.swift in Sources */ = {isa = PBXBuildFile; fileRef = B3E7AF4F2E87305300D5A1F7 /* TemplateView.swift */; };
		B3E7AF5B2E88B7F800D5A1F7 /* CodeView.swift in Sources */ = {isa = PBXBuildFile; fileRef = B3E7AF5A2E88B7F500D5A1F7 /* CodeView.swift */; };
		D2B5B52024FD85CA00F7304E /* App.swift in Sources */ = {isa = PBXBuildFile; fileRef = D2B5B51F24FD85CA00F7304E /* App.swift */; };
		D2B5B52424FD85CC00F7304E /* Assets.xcassets in Resources */ = {isa = PBXBuildFile; fileRef = D2B5B52324FD85CC00F7304E /* Assets.xcassets */; };
/* End PBXBuildFile section */

/* Begin PBXContainerItemProxy section */
		B3439CF02EA55E2C006B5DFB /* PBXContainerItemProxy */ = {
			isa = PBXContainerItemProxy;
			containerPortal = D2B5B51424FD85CA00F7304E /* Project object */;
			proxyType = 1;
			remoteGlobalIDString = D2B5B51B24FD85CA00F7304E;
			remoteInfo = "Squirrel Designer";
		};
/* End PBXContainerItemProxy section */

/* Begin PBXFileReference section */
		B30140AB2E848F920075CE86 /* DataModel.swift */ = {isa = PBXFileReference; lastKnownFileType = sourcecode.swift; path = DataModel.swift; sourceTree = "<group>"; };
		B30140B72E86232B0075CE86 /* ColorSchemeView.swift */ = {isa = PBXFileReference; lastKnownFileType = sourcecode.swift; path = ColorSchemeView.swift; sourceTree = "<group>"; };
		B30140B92E8625DB0075CE86 /* Utils.swift */ = {isa = PBXFileReference; lastKnownFileType = sourcecode.swift; path = Utils.swift; sourceTree = "<group>"; };
		B30140BB2E86E2EB0075CE86 /* StyleView.swift */ = {isa = PBXFileReference; lastKnownFileType = sourcecode.swift; path = StyleView.swift; sourceTree = "<group>"; };
		B30140BD2E87026F0075CE86 /* MainView.swift */ = {isa = PBXFileReference; lastKnownFileType = sourcecode.swift; path = MainView.swift; sourceTree = "<group>"; };
		B3439CEC2EA55E2C006B5DFB /* Squirrel Designer Tests.xctest */ = {isa = PBXFileReference; explicitFileType = wrapper.cfbundle; includeInIndex = 0; path = "Squirrel Designer Tests.xctest"; sourceTree = BUILT_PRODUCTS_DIR; };
		B38E64F42EA006F2008762B3 /* Rime.icon */ = {isa = PBXFileReference; lastKnownFileType = folder.iconcomposer.icon; path = Rime.icon; sourceTree = "<group>"; };
		B38E65002EA0196E008762B3 /* input_template.yaml */ = {isa = PBXFileReference; lastKnownFileType = text.yaml; path = input_template.yaml; sourceTree = "<group>"; };
		B38E65012EA0196E008762B3 /* squirrel_settings.yaml */ = {isa = PBXFileReference; lastKnownFileType = text.yaml; path = squirrel_settings.yaml; sourceTree = "<group>"; };
		B38E65042EA04330008762B3 /* InfoPlist.xcstrings */ = {isa = PBXFileReference; lastKnownFileType = text.json.xcstrings; name = InfoPlist.xcstrings; path = "Squirrel Designer/InfoPlist.xcstrings"; sourceTree = SOURCE_ROOT; };
		B3CC931C2E7DDFB4005FD289 /* ConfigData.swift */ = {isa = PBXFileReference; lastKnownFileType = sourcecode.swift; path = ConfigData.swift; sourceTree = "<group>"; };
		B3E48C3E2E9DCD2E00AFCF90 /* SquirrelPanel.swift */ = {isa = PBXFileReference; lastKnownFileType = sourcecode.swift; path = SquirrelPanel.swift; sourceTree = "<group>"; };
		B3E48C3F2E9DCD2E00AFCF90 /* SquirrelTheme.swift */ = {isa = PBXFileReference; lastKnownFileType = sourcecode.swift; path = SquirrelTheme.swift; sourceTree = "<group>"; };
		B3E48C402E9DCD2E00AFCF90 /* SquirrelView.swift */ = {isa = PBXFileReference; lastKnownFileType = sourcecode.swift; path = SquirrelView.swift; sourceTree = "<group>"; };
		B3E657E52E7DDE900000B94F /* Localizable.xcstrings */ = {isa = PBXFileReference; lastKnownFileType = text.json.xcstrings; path = Localizable.xcstrings; sourceTree = "<group>"; };
		B3E7AF4F2E87305300D5A1F7 /* TemplateView.swift */ = {isa = PBXFileReference; lastKnownFileType = sourcecode.swift; path = TemplateView.swift; sourceTree = "<group>"; };
		B3E7AF5A2E88B7F500D5A1F7 /* CodeView.swift */ = {isa = PBXFileReference; lastKnownFileType = sourcecode.swift; path = CodeView.swift; sourceTree = "<group>"; };
		D2B5B51C24FD85CA00F7304E /* Squirrel Designer.app */ = {isa = PBXFileReference; explicitFileType = wrapper.application; includeInIndex = 0; path = "Squirrel Designer.app"; sourceTree = BUILT_PRODUCTS_DIR; };
		D2B5B51F24FD85CA00F7304E /* App.swift */ = {isa = PBXFileReference; lastKnownFileType = sourcecode.swift; path = App.swift; sourceTree = "<group>"; };
		D2B5B52324FD85CC00F7304E /* Assets.xcassets */ = {isa = PBXFileReference; lastKnownFileType = folder.assetcatalog; path = Assets.xcassets; sourceTree = "<group>"; };
		D2B5B52824FD85CC00F7304E /* Info.plist */ = {isa = PBXFileReference; lastKnownFileType = text.plist.xml; path = Info.plist; sourceTree = "<group>"; };
		D2B5B52924FD85CC00F7304E /* Squirrel_Designer.entitlements */ = {isa = PBXFileReference; lastKnownFileType = text.plist.entitlements; path = Squirrel_Designer.entitlements; sourceTree = "<group>"; };
/* End PBXFileReference section */

/* Begin PBXFileSystemSynchronizedRootGroup section */
		B3439CED2EA55E2C006B5DFB /* Squirrel Designer Tests */ = {
			isa = PBXFileSystemSynchronizedRootGroup;
			path = "Squirrel Designer Tests";
			sourceTree = "<group>";
		};
/* End PBXFileSystemSynchronizedRootGroup section */

/* Begin PBXFrameworksBuildPhase section */
		B3439CE92EA55E2C006B5DFB /* Frameworks */ = {
			isa = PBXFrameworksBuildPhase;
			files = (
			);
		};
		D2B5B51924FD85CA00F7304E /* Frameworks */ = {
			isa = PBXFrameworksBuildPhase;
			files = (
				B3CC93292E7DE062005FD289 /* Yams in Frameworks */,
			);
		};
/* End PBXFrameworksBuildPhase section */

/* Begin PBXGroup section */
		B30140B62E8623250075CE86 /* Views */ = {
			isa = PBXGroup;
			children = (
				B30140BD2E87026F0075CE86 /* MainView.swift */,
				B30140B72E86232B0075CE86 /* ColorSchemeView.swift */,
				B30140BB2E86E2EB0075CE86 /* StyleView.swift */,
				B3E7AF4F2E87305300D5A1F7 /* TemplateView.swift */,
				B3E7AF5A2E88B7F500D5A1F7 /* CodeView.swift */,
			);
			path = Views;
			sourceTree = "<group>";
		};
		B38E64FF2EA01959008762B3 /* Resources */ = {
			isa = PBXGroup;
			children = (
				B38E65002EA0196E008762B3 /* input_template.yaml */,
				B38E65012EA0196E008762B3 /* squirrel_settings.yaml */,
			);
			path = Resources;
			sourceTree = "<group>";
		};
		B3E48C372E9DCC3900AFCF90 /* SquirrelViews */ = {
			isa = PBXGroup;
			children = (
				B3E48C3F2E9DCD2E00AFCF90 /* SquirrelTheme.swift */,
				B3E48C402E9DCD2E00AFCF90 /* SquirrelView.swift */,
				B3E48C3E2E9DCD2E00AFCF90 /* SquirrelPanel.swift */,
			);
			path = SquirrelViews;
			sourceTree = "<group>";
		};
		D2B5B51324FD85CA00F7304E = {
			isa = PBXGroup;
			children = (
				B38E64F42EA006F2008762B3 /* Rime.icon */,
				D2B5B51E24FD85CA00F7304E /* Squirrel Designer */,
				B3439CED2EA55E2C006B5DFB /* Squirrel Designer Tests */,
				D2B5B51D24FD85CA00F7304E /* Products */,
			);
			sourceTree = "<group>";
		};
		D2B5B51D24FD85CA00F7304E /* Products */ = {
			isa = PBXGroup;
			children = (
				D2B5B51C24FD85CA00F7304E /* Squirrel Designer.app */,
				B3439CEC2EA55E2C006B5DFB /* Squirrel Designer Tests.xctest */,
			);
			name = Products;
			sourceTree = "<group>";
		};
		D2B5B51E24FD85CA00F7304E /* Squirrel Designer */ = {
			isa = PBXGroup;
			children = (
				B3E657E52E7DDE900000B94F /* Localizable.xcstrings */,
				B38E65042EA04330008762B3 /* InfoPlist.xcstrings */,
				D2B5B51F24FD85CA00F7304E /* App.swift */,
				B3CC931C2E7DDFB4005FD289 /* ConfigData.swift */,
				B30140AB2E848F920075CE86 /* DataModel.swift */,
				B30140B92E8625DB0075CE86 /* Utils.swift */,
				B30140B62E8623250075CE86 /* Views */,
				B3E48C372E9DCC3900AFCF90 /* SquirrelViews */,
				B38E64FF2EA01959008762B3 /* Resources */,
				D2B5B52324FD85CC00F7304E /* Assets.xcassets */,
				D2B5B52824FD85CC00F7304E /* Info.plist */,
				D2B5B52924FD85CC00F7304E /* Squirrel_Designer.entitlements */,
			);
			path = "Squirrel Designer";
			sourceTree = "<group>";
		};
/* End PBXGroup section */

/* Begin PBXNativeTarget section */
		B3439CEB2EA55E2C006B5DFB /* Squirrel Designer Tests */ = {
			isa = PBXNativeTarget;
			buildConfigurationList = B3439CF42EA55E2C006B5DFB /* Build configuration list for PBXNativeTarget "Squirrel Designer Tests" */;
			buildPhases = (
				B3439CE82EA55E2C006B5DFB /* Sources */,
				B3439CE92EA55E2C006B5DFB /* Frameworks */,
				B3439CEA2EA55E2C006B5DFB /* Resources */,
			);
			buildRules = (
			);
			dependencies = (
				B3439CF12EA55E2C006B5DFB /* PBXTargetDependency */,
			);
			fileSystemSynchronizedGroups = (
				B3439CED2EA55E2C006B5DFB /* Squirrel Designer Tests */,
			);
			name = "Squirrel Designer Tests";
			productName = "Squirrel Designer Tests";
			productReference = B3439CEC2EA55E2C006B5DFB /* Squirrel Designer Tests.xctest */;
			productType = "com.apple.product-type.bundle.unit-test";
		};
		D2B5B51B24FD85CA00F7304E /* Squirrel Designer */ = {
			isa = PBXNativeTarget;
			buildConfigurationList = D2B5B52C24FD85CC00F7304E /* Build configuration list for PBXNativeTarget "Squirrel Designer" */;
			buildPhases = (
				D2B5B51824FD85CA00F7304E /* Sources */,
				D2B5B51924FD85CA00F7304E /* Frameworks */,
				D2B5B51A24FD85CA00F7304E /* Resources */,
			);
			buildRules = (
			);
			name = "Squirrel Designer";
			packageProductDependencies = (
				B3CC93282E7DE062005FD289 /* Yams */,
			);
			productName = "Squirrel Designer";
			productReference = D2B5B51C24FD85CA00F7304E /* Squirrel Designer.app */;
			productType = "com.apple.product-type.application";
		};
/* End PBXNativeTarget section */

/* Begin PBXProject section */
		D2B5B51424FD85CA00F7304E /* Project object */ = {
			isa = PBXProject;
			attributes = {
				BuildIndependentTargetsInParallel = YES;
				LastSwiftUpdateCheck = 2600;
				LastUpgradeCheck = 2600;
				ORGANIZATIONNAME = "Yuncao Liu";
				TargetAttributes = {
					B3439CEB2EA55E2C006B5DFB = {
						CreatedOnToolsVersion = 26.0.1;
						TestTargetID = D2B5B51B24FD85CA00F7304E;
					};
					D2B5B51B24FD85CA00F7304E = {
						CreatedOnToolsVersion = 11.6;
					};
				};
			};
			buildConfigurationList = D2B5B51724FD85CA00F7304E /* Build configuration list for PBXProject "Squirrel Designer" */;
			developmentRegion = en;
			hasScannedForEncodings = 0;
			knownRegions = (
				en,
				Base,
				"zh-Hant",
				"zh-Hans",
			);
			mainGroup = D2B5B51324FD85CA00F7304E;
			packageReferences = (
				B3CC93272E7DE062005FD289 /* XCRemoteSwiftPackageReference "Yams" */,
			);
			preferredProjectObjectVersion = 90;
			productRefGroup = D2B5B51D24FD85CA00F7304E /* Products */;
			projectDirPath = "";
			projectRoot = "";
			targets = (
				D2B5B51B24FD85CA00F7304E /* Squirrel Designer */,
				B3439CEB2EA55E2C006B5DFB /* Squirrel Designer Tests */,
			);
		};
/* End PBXProject section */

/* Begin PBXResourcesBuildPhase section */
		B3439CEA2EA55E2C006B5DFB /* Resources */ = {
			isa = PBXResourcesBuildPhase;
			files = (
				B3439CF52EA55F09006B5DFB /* squirrel_settings.yaml in Resources */,
				B3439CF62EA55F09006B5DFB /* input_template.yaml in Resources */,
			);
		};
		D2B5B51A24FD85CA00F7304E /* Resources */ = {
			isa = PBXResourcesBuildPhase;
			files = (
				B38E65052EA04330008762B3 /* InfoPlist.xcstrings in Resources */,
				D2B5B52424FD85CC00F7304E /* Assets.xcassets in Resources */,
				B38E65022EA0196E008762B3 /* squirrel_settings.yaml in Resources */,
				B38E65032EA0196E008762B3 /* input_template.yaml in Resources */,
				B3E657E62E7DDE900000B94F /* Localizable.xcstrings in Resources */,
				B38E64F52EA006F2008762B3 /* Rime.icon in Resources */,
			);
		};
/* End PBXResourcesBuildPhase section */

/* Begin PBXSourcesBuildPhase section */
		B3439CE82EA55E2C006B5DFB /* Sources */ = {
			isa = PBXSourcesBuildPhase;
			files = (
				B3439CF72EA55FA2006B5DFB /* ConfigData.swift in Sources */,
			);
		};
		D2B5B51824FD85CA00F7304E /* Sources */ = {
			isa = PBXSourcesBuildPhase;
			files = (
				B3E7AF5B2E88B7F800D5A1F7 /* CodeView.swift in Sources */,
				B30140BC2E86E2EE0075CE86 /* StyleView.swift in Sources */,
				B3E48C412E9DCD2E00AFCF90 /* SquirrelPanel.swift in Sources */,
				B3E48C422E9DCD2E00AFCF90 /* SquirrelTheme.swift in Sources */,
				B3E48C432E9DCD2E00AFCF90 /* SquirrelView.swift in Sources */,
				B30140BE2E87028C0075CE86 /* MainView.swift in Sources */,
				B30140BA2E8625DD0075CE86 /* Utils.swift in Sources */,
				B3CC931D2E7DDFC9005FD289 /* ConfigData.swift in Sources */,
				B30140B82E8623310075CE86 /* ColorSchemeView.swift in Sources */,
				B3E7AF502E87305600D5A1F7 /* TemplateView.swift in Sources */,
				D2B5B52024FD85CA00F7304E /* App.swift in Sources */,
				B30140AC2E848F9A0075CE86 /* DataModel.swift in Sources */,
			);
		};
/* End PBXSourcesBuildPhase section */

/* Begin PBXTargetDependency section */
		B3439CF12EA55E2C006B5DFB /* PBXTargetDependency */ = {
			isa = PBXTargetDependency;
			target = D2B5B51B24FD85CA00F7304E /* Squirrel Designer */;
			targetProxy = B3439CF02EA55E2C006B5DFB /* PBXContainerItemProxy */;
		};
/* End PBXTargetDependency section */

/* Begin XCBuildConfiguration section */
		B3439CF22EA55E2C006B5DFB /* Debug configuration for PBXNativeTarget "Squirrel Designer Tests" */ = {
			isa = XCBuildConfiguration;
			buildSettings = {
				BUNDLE_LOADER = "$(TEST_HOST)";
				CLANG_CXX_LANGUAGE_STANDARD = "gnu++20";
				CODE_SIGN_STYLE = Automatic;
				CURRENT_PROJECT_VERSION = 1;
				DEVELOPMENT_TEAM = 28HU5A7B46;
				GCC_C_LANGUAGE_STANDARD = gnu17;
				GENERATE_INFOPLIST_FILE = YES;
				MACOSX_DEPLOYMENT_TARGET = 26.0;
				MARKETING_VERSION = 1.0;
				PRODUCT_BUNDLE_IDENTIFIER = "Rime.Squirrel-Designer-Tests";
				PRODUCT_NAME = "$(TARGET_NAME)";
				STRING_CATALOG_GENERATE_SYMBOLS = NO;
				SWIFT_ACTIVE_COMPILATION_CONDITIONS = "DEBUG $(inherited)";
				SWIFT_APPROACHABLE_CONCURRENCY = YES;
				SWIFT_EMIT_LOC_STRINGS = NO;
				SWIFT_UPCOMING_FEATURE_MEMBER_IMPORT_VISIBILITY = YES;
				SWIFT_VERSION = 5.0;
				TEST_HOST = "$(BUILT_PRODUCTS_DIR)/Squirrel Designer.app/$(BUNDLE_EXECUTABLE_FOLDER_PATH)/Squirrel Designer";
			};
			name = Debug;
		};
		B3439CF32EA55E2C006B5DFB /* Release configuration for PBXNativeTarget "Squirrel Designer Tests" */ = {
			isa = XCBuildConfiguration;
			buildSettings = {
				BUNDLE_LOADER = "$(TEST_HOST)";
				CLANG_CXX_LANGUAGE_STANDARD = "gnu++20";
				CODE_SIGN_STYLE = Automatic;
				CURRENT_PROJECT_VERSION = 1;
				DEVELOPMENT_TEAM = 28HU5A7B46;
				GCC_C_LANGUAGE_STANDARD = gnu17;
				GENERATE_INFOPLIST_FILE = YES;
				MACOSX_DEPLOYMENT_TARGET = 26.0;
				MARKETING_VERSION = 1.0;
				PRODUCT_BUNDLE_IDENTIFIER = "Rime.Squirrel-Designer-Tests";
				PRODUCT_NAME = "$(TARGET_NAME)";
				STRING_CATALOG_GENERATE_SYMBOLS = NO;
				SWIFT_APPROACHABLE_CONCURRENCY = YES;
				SWIFT_EMIT_LOC_STRINGS = NO;
				SWIFT_UPCOMING_FEATURE_MEMBER_IMPORT_VISIBILITY = YES;
				SWIFT_VERSION = 5.0;
				TEST_HOST = "$(BUILT_PRODUCTS_DIR)/Squirrel Designer.app/$(BUNDLE_EXECUTABLE_FOLDER_PATH)/Squirrel Designer";
			};
			name = Release;
		};
		D2B5B52A24FD85CC00F7304E /* Debug configuration for PBXProject "Squirrel Designer" */ = {
			isa = XCBuildConfiguration;
			buildSettings = {
				ALWAYS_SEARCH_USER_PATHS = NO;
				ASSETCATALOG_COMPILER_GENERATE_SWIFT_ASSET_SYMBOL_EXTENSIONS = YES;
				CLANG_ANALYZER_LOCALIZABILITY_NONLOCALIZED = YES;
				CLANG_ANALYZER_NONNULL = YES;
				CLANG_ANALYZER_NUMBER_OBJECT_CONVERSION = YES_AGGRESSIVE;
				CLANG_CXX_LANGUAGE_STANDARD = "gnu++14";
				CLANG_CXX_LIBRARY = "libc++";
				CLANG_ENABLE_MODULES = YES;
				CLANG_ENABLE_OBJC_ARC = YES;
				CLANG_ENABLE_OBJC_WEAK = YES;
				CLANG_WARN_BLOCK_CAPTURE_AUTORELEASING = YES;
				CLANG_WARN_BOOL_CONVERSION = YES;
				CLANG_WARN_COMMA = YES;
				CLANG_WARN_CONSTANT_CONVERSION = YES;
				CLANG_WARN_DEPRECATED_OBJC_IMPLEMENTATIONS = YES;
				CLANG_WARN_DIRECT_OBJC_ISA_USAGE = YES_ERROR;
				CLANG_WARN_DOCUMENTATION_COMMENTS = YES;
				CLANG_WARN_EMPTY_BODY = YES;
				CLANG_WARN_ENUM_CONVERSION = YES;
				CLANG_WARN_INFINITE_RECURSION = YES;
				CLANG_WARN_INT_CONVERSION = YES;
				CLANG_WARN_NON_LITERAL_NULL_CONVERSION = YES;
				CLANG_WARN_OBJC_IMPLICIT_RETAIN_SELF = YES;
				CLANG_WARN_OBJC_LITERAL_CONVERSION = YES;
				CLANG_WARN_OBJC_ROOT_CLASS = YES_ERROR;
				CLANG_WARN_QUOTED_INCLUDE_IN_FRAMEWORK_HEADER = YES;
				CLANG_WARN_RANGE_LOOP_ANALYSIS = YES;
				CLANG_WARN_STRICT_PROTOTYPES = YES;
				CLANG_WARN_SUSPICIOUS_MOVE = YES;
				CLANG_WARN_UNGUARDED_AVAILABILITY = YES_AGGRESSIVE;
				CLANG_WARN_UNREACHABLE_CODE = YES;
				CLANG_WARN__DUPLICATE_METHOD_MATCH = YES;
				COPY_PHASE_STRIP = NO;
				DEAD_CODE_STRIPPING = YES;
				DEBUG_INFORMATION_FORMAT = dwarf;
				ENABLE_STRICT_OBJC_MSGSEND = YES;
				ENABLE_TESTABILITY = YES;
				ENABLE_USER_SCRIPT_SANDBOXING = YES;
				EXCLUDED_ARCHS = "";
				GCC_C_LANGUAGE_STANDARD = gnu11;
				GCC_DYNAMIC_NO_PIC = NO;
				GCC_NO_COMMON_BLOCKS = YES;
				GCC_OPTIMIZATION_LEVEL = 0;
				GCC_PREPROCESSOR_DEFINITIONS = (
					"DEBUG=1",
					"$(inherited)",
				);
				GCC_WARN_64_TO_32_BIT_CONVERSION = YES;
				GCC_WARN_ABOUT_RETURN_TYPE = YES_ERROR;
				GCC_WARN_UNDECLARED_SELECTOR = YES;
				GCC_WARN_UNINITIALIZED_AUTOS = YES_AGGRESSIVE;
				GCC_WARN_UNUSED_FUNCTION = YES;
				GCC_WARN_UNUSED_VARIABLE = YES;
				LOCALIZATION_PREFERS_STRING_CATALOGS = YES;
				MACOSX_DEPLOYMENT_TARGET = 15.6;
				MTL_ENABLE_DEBUG_INFO = INCLUDE_SOURCE;
				MTL_FAST_MATH = YES;
				ONLY_ACTIVE_ARCH = YES;
				SDKROOT = macosx;
				STRING_CATALOG_GENERATE_SYMBOLS = YES;
				SWIFT_ACTIVE_COMPILATION_CONDITIONS = DEBUG;
				SWIFT_EMIT_LOC_STRINGS = YES;
				SWIFT_OPTIMIZATION_LEVEL = "-Onone";
				SWIFT_VERSION = 6.0;
			};
			name = Debug;
		};
		D2B5B52B24FD85CC00F7304E /* Release configuration for PBXProject "Squirrel Designer" */ = {
			isa = XCBuildConfiguration;
			buildSettings = {
				ALWAYS_SEARCH_USER_PATHS = NO;
				ASSETCATALOG_COMPILER_GENERATE_SWIFT_ASSET_SYMBOL_EXTENSIONS = YES;
				CLANG_ANALYZER_LOCALIZABILITY_NONLOCALIZED = YES;
				CLANG_ANALYZER_NONNULL = YES;
				CLANG_ANALYZER_NUMBER_OBJECT_CONVERSION = YES_AGGRESSIVE;
				CLANG_CXX_LANGUAGE_STANDARD = "gnu++14";
				CLANG_CXX_LIBRARY = "libc++";
				CLANG_ENABLE_MODULES = YES;
				CLANG_ENABLE_OBJC_ARC = YES;
				CLANG_ENABLE_OBJC_WEAK = YES;
				CLANG_WARN_BLOCK_CAPTURE_AUTORELEASING = YES;
				CLANG_WARN_BOOL_CONVERSION = YES;
				CLANG_WARN_COMMA = YES;
				CLANG_WARN_CONSTANT_CONVERSION = YES;
				CLANG_WARN_DEPRECATED_OBJC_IMPLEMENTATIONS = YES;
				CLANG_WARN_DIRECT_OBJC_ISA_USAGE = YES_ERROR;
				CLANG_WARN_DOCUMENTATION_COMMENTS = YES;
				CLANG_WARN_EMPTY_BODY = YES;
				CLANG_WARN_ENUM_CONVERSION = YES;
				CLANG_WARN_INFINITE_RECURSION = YES;
				CLANG_WARN_INT_CONVERSION = YES;
				CLANG_WARN_NON_LITERAL_NULL_CONVERSION = YES;
				CLANG_WARN_OBJC_IMPLICIT_RETAIN_SELF = YES;
				CLANG_WARN_OBJC_LITERAL_CONVERSION = YES;
				CLANG_WARN_OBJC_ROOT_CLASS = YES_ERROR;
				CLANG_WARN_QUOTED_INCLUDE_IN_FRAMEWORK_HEADER = YES;
				CLANG_WARN_RANGE_LOOP_ANALYSIS = YES;
				CLANG_WARN_STRICT_PROTOTYPES = YES;
				CLANG_WARN_SUSPICIOUS_MOVE = YES;
				CLANG_WARN_UNGUARDED_AVAILABILITY = YES_AGGRESSIVE;
				CLANG_WARN_UNREACHABLE_CODE = YES;
				CLANG_WARN__DUPLICATE_METHOD_MATCH = YES;
				COPY_PHASE_STRIP = NO;
				DEAD_CODE_STRIPPING = YES;
				DEBUG_INFORMATION_FORMAT = "dwarf-with-dsym";
				ENABLE_NS_ASSERTIONS = NO;
				ENABLE_STRICT_OBJC_MSGSEND = YES;
				ENABLE_USER_SCRIPT_SANDBOXING = YES;
				EXCLUDED_ARCHS = "";
				GCC_C_LANGUAGE_STANDARD = gnu11;
				GCC_NO_COMMON_BLOCKS = YES;
				GCC_WARN_64_TO_32_BIT_CONVERSION = YES;
				GCC_WARN_ABOUT_RETURN_TYPE = YES_ERROR;
				GCC_WARN_UNDECLARED_SELECTOR = YES;
				GCC_WARN_UNINITIALIZED_AUTOS = YES_AGGRESSIVE;
				GCC_WARN_UNUSED_FUNCTION = YES;
				GCC_WARN_UNUSED_VARIABLE = YES;
				LOCALIZATION_PREFERS_STRING_CATALOGS = YES;
				MACOSX_DEPLOYMENT_TARGET = 15.6;
				MTL_ENABLE_DEBUG_INFO = NO;
				MTL_FAST_MATH = YES;
				ONLY_ACTIVE_ARCH = NO;
				SDKROOT = macosx;
				STRING_CATALOG_GENERATE_SYMBOLS = YES;
				SWIFT_COMPILATION_MODE = wholemodule;
				SWIFT_EMIT_LOC_STRINGS = YES;
				SWIFT_OPTIMIZATION_LEVEL = "-O";
				SWIFT_VERSION = 6.0;
			};
			name = Release;
		};
		D2B5B52D24FD85CC00F7304E /* Debug configuration for PBXNativeTarget "Squirrel Designer" */ = {
			isa = XCBuildConfiguration;
			buildSettings = {
				ASSETCATALOG_COMPILER_APPICON_NAME = Rime;
				CODE_SIGN_ENTITLEMENTS = "Squirrel Designer/Squirrel_Designer.entitlements";
				CODE_SIGN_IDENTITY = "Apple Development";
				"CODE_SIGN_IDENTITY[sdk=macosx*]" = "Apple Development";
				CODE_SIGN_STYLE = Automatic;
				COMBINE_HIDPI_IMAGES = YES;
				CURRENT_PROJECT_VERSION = 38;
				DEAD_CODE_STRIPPING = YES;
				DEVELOPMENT_TEAM = 28HU5A7B46;
				ENABLE_APP_SANDBOX = YES;
				ENABLE_HARDENED_RUNTIME = YES;
				INFOPLIST_FILE = "Squirrel Designer/Info.plist";
				INFOPLIST_KEY_CFBundleDisplayName = "Squirrel Designer";
				INFOPLIST_KEY_LSApplicationCategoryType = "public.app-category.utilities";
				LD_RUNPATH_SEARCH_PATHS = (
					"$(inherited)",
					"@executable_path/../Frameworks",
				);
				MACOSX_DEPLOYMENT_TARGET = 15.0;
				MARKETING_VERSION = 2.0;
				PRODUCT_BUNDLE_IDENTIFIER = "Rime.Squirrel-Designer";
				PRODUCT_NAME = "$(TARGET_NAME)";
				SWIFT_VERSION = 6.0;
			};
			name = Debug;
		};
		D2B5B52E24FD85CC00F7304E /* Release configuration for PBXNativeTarget "Squirrel Designer" */ = {
			isa = XCBuildConfiguration;
			buildSettings = {
				ASSETCATALOG_COMPILER_APPICON_NAME = Rime;
				CODE_SIGN_ENTITLEMENTS = "Squirrel Designer/Squirrel_Designer.entitlements";
				CODE_SIGN_IDENTITY = "Apple Development";
				"CODE_SIGN_IDENTITY[sdk=macosx*]" = "Apple Development";
				CODE_SIGN_STYLE = Automatic;
				COMBINE_HIDPI_IMAGES = YES;
				CURRENT_PROJECT_VERSION = 38;
				DEAD_CODE_STRIPPING = YES;
				DEVELOPMENT_TEAM = 28HU5A7B46;
				ENABLE_APP_SANDBOX = YES;
				ENABLE_HARDENED_RUNTIME = YES;
				INFOPLIST_FILE = "Squirrel Designer/Info.plist";
				INFOPLIST_KEY_CFBundleDisplayName = "Squirrel Designer";
				INFOPLIST_KEY_LSApplicationCategoryType = "public.app-category.utilities";
				LD_RUNPATH_SEARCH_PATHS = (
					"$(inherited)",
					"@executable_path/../Frameworks",
				);
				MACOSX_DEPLOYMENT_TARGET = 15.0;
				MARKETING_VERSION = 2.0;
				PRODUCT_BUNDLE_IDENTIFIER = "Rime.Squirrel-Designer";
				PRODUCT_NAME = "$(TARGET_NAME)";
				SWIFT_VERSION = 6.0;
			};
			name = Release;
		};
/* End XCBuildConfiguration section */

/* Begin XCConfigurationList section */
		B3439CF42EA55E2C006B5DFB /* Build configuration list for PBXNativeTarget "Squirrel Designer Tests" */ = {
			isa = XCConfigurationList;
			buildConfigurations = (
				B3439CF22EA55E2C006B5DFB /* Debug configuration for PBXNativeTarget "Squirrel Designer Tests" */,
				B3439CF32EA55E2C006B5DFB /* Release configuration for PBXNativeTarget "Squirrel Designer Tests" */,
			);
			defaultConfigurationName = Release;
		};
		D2B5B51724FD85CA00F7304E /* Build configuration list for PBXProject "Squirrel Designer" */ = {
			isa = XCConfigurationList;
			buildConfigurations = (
				D2B5B52A24FD85CC00F7304E /* Debug configuration for PBXProject "Squirrel Designer" */,
				D2B5B52B24FD85CC00F7304E /* Release configuration for PBXProject "Squirrel Designer" */,
			);
			defaultConfigurationName = Release;
		};
		D2B5B52C24FD85CC00F7304E /* Build configuration list for PBXNativeTarget "Squirrel Designer" */ = {
			isa = XCConfigurationList;
			buildConfigurations = (
				D2B5B52D24FD85CC00F7304E /* Debug configuration for PBXNativeTarget "Squirrel Designer" */,
				D2B5B52E24FD85CC00F7304E /* Release configuration for PBXNativeTarget "Squirrel Designer" */,
			);
			defaultConfigurationName = Release;
		};
/* End XCConfigurationList section */

/* Begin XCRemoteSwiftPackageReference section */
		B3CC93272E7DE062005FD289 /* XCRemoteSwiftPackageReference "Yams" */ = {
			isa = XCRemoteSwiftPackageReference;
			repositoryURL = "https://github.com/jpsim/Yams";
			requirement = {
				kind = upToNextMinorVersion;
				minimumVersion = 6.1.0;
			};
		};
/* End XCRemoteSwiftPackageReference section */

/* Begin XCSwiftPackageProductDependency section */
		B3CC93282E7DE062005FD289 /* Yams */ = {
			isa = XCSwiftPackageProductDependency;
			package = B3CC93272E7DE062005FD289 /* XCRemoteSwiftPackageReference "Yams" */;
			productName = Yams;
		};
/* End XCSwiftPackageProductDependency section */
	};
	rootObject = D2B5B51424FD85CA00F7304E /* Project object */;
}
