// !$*UTF8*$!
{
	archiveVersion = 1;
	classes = {
	};
	objectVersion = 54;
	objects = {

/* Begin PBXBuildFile section */
		D24509822621E8D800EB4BAC /* Main.storyboard in Resources */ = {isa = PBXBuildFile; fileRef = D24509842621E8D800EB4BAC /* Main.storyboard */; };
		D24509922621F4AA00EB4BAC /* Localizable.strings in Resources */ = {isa = PBXBuildFile; fileRef = D24509942621F4AA00EB4BAC /* Localizable.strings */; };
		D2830BBB24FEC87E00BF44BE /* Template.swift in Sources */ = {isa = PBXBuildFile; fileRef = D2830BBA24FEC87E00BF44BE /* Template.swift */; };
		D2830BBF24FEFDD400BF44BE /* CodeView.swift in Sources */ = {isa = PBXBuildFile; fileRef = D2830BBE24FEFDD400BF44BE /* CodeView.swift */; };
		D2B5B52024FD85CA00F7304E /* AppDelegate.swift in Sources */ = {isa = PBXBuildFile; fileRef = D2B5B51F24FD85CA00F7304E /* AppDelegate.swift */; };
		D2B5B52224FD85CA00F7304E /* ViewController.swift in Sources */ = {isa = PBXBuildFile; fileRef = D2B5B52124FD85CA00F7304E /* ViewController.swift */; };
		D2B5B52424FD85CC00F7304E /* Assets.xcassets in Resources */ = {isa = PBXBuildFile; fileRef = D2B5B52324FD85CC00F7304E /* Assets.xcassets */; };
		D2B5B53424FDCE2700F7304E /* LayoutModel.swift in Sources */ = {isa = PBXBuildFile; fileRef = D2B5B53324FDCE2700F7304E /* LayoutModel.swift */; };
		D2BAA6A825009BEF007B6521 /* SquirrelLayout.xcdatamodeld in Sources */ = {isa = PBXBuildFile; fileRef = D2BAA6A625009BEF007B6521 /* SquirrelLayout.xcdatamodeld */; };
/* End PBXBuildFile section */

/* Begin PBXFileReference section */
		D24509832621E8D800EB4BAC /* Base */ = {isa = PBXFileReference; lastKnownFileType = file.storyboard; name = Base; path = Base.lproj/Main.storyboard; sourceTree = "<group>"; };
		D24509932621F4AA00EB4BAC /* zh-Hant */ = {isa = PBXFileReference; lastKnownFileType = text.plist.strings; name = "zh-Hant"; path = "zh-Hant.lproj/Localizable.strings"; sourceTree = "<group>"; };
		D24509952621F4AF00EB4BAC /* zh-Hans */ = {isa = PBXFileReference; lastKnownFileType = text.plist.strings; name = "zh-Hans"; path = "zh-Hans.lproj/Localizable.strings"; sourceTree = "<group>"; };
		D2830BBA24FEC87E00BF44BE /* Template.swift */ = {isa = PBXFileReference; lastKnownFileType = sourcecode.swift; path = Template.swift; sourceTree = "<group>"; };
		D2830BBE24FEFDD400BF44BE /* CodeView.swift */ = {isa = PBXFileReference; lastKnownFileType = sourcecode.swift; path = CodeView.swift; sourceTree = "<group>"; };
		D2A48D2F2707BDA7002F5086 /* zh-Hans */ = {isa = PBXFileReference; lastKnownFileType = text.plist.strings; name = "zh-Hans"; path = "zh-Hans.lproj/Main.strings"; sourceTree = "<group>"; };
		D2A48D312707BDBD002F5086 /* zh-Hant */ = {isa = PBXFileReference; lastKnownFileType = text.plist.strings; name = "zh-Hant"; path = "zh-Hant.lproj/Main.strings"; sourceTree = "<group>"; };
		D2B5B51C24FD85CA00F7304E /* Squirrel Designer.app */ = {isa = PBXFileReference; explicitFileType = wrapper.application; includeInIndex = 0; path = "Squirrel Designer.app"; sourceTree = BUILT_PRODUCTS_DIR; };
		D2B5B51F24FD85CA00F7304E /* AppDelegate.swift */ = {isa = PBXFileReference; lastKnownFileType = sourcecode.swift; path = AppDelegate.swift; sourceTree = "<group>"; };
		D2B5B52124FD85CA00F7304E /* ViewController.swift */ = {isa = PBXFileReference; lastKnownFileType = sourcecode.swift; path = ViewController.swift; sourceTree = "<group>"; };
		D2B5B52324FD85CC00F7304E /* Assets.xcassets */ = {isa = PBXFileReference; lastKnownFileType = folder.assetcatalog; path = Assets.xcassets; sourceTree = "<group>"; };
		D2B5B52824FD85CC00F7304E /* Info.plist */ = {isa = PBXFileReference; lastKnownFileType = text.plist.xml; path = Info.plist; sourceTree = "<group>"; };
		D2B5B52924FD85CC00F7304E /* Squirrel_Designer.entitlements */ = {isa = PBXFileReference; lastKnownFileType = text.plist.entitlements; path = Squirrel_Designer.entitlements; sourceTree = "<group>"; };
		D2B5B53324FDCE2700F7304E /* LayoutModel.swift */ = {isa = PBXFileReference; lastKnownFileType = sourcecode.swift; path = LayoutModel.swift; sourceTree = "<group>"; };
		D2BAA6A725009BEF007B6521 /* SquirrelLayout.xcdatamodel */ = {isa = PBXFileReference; lastKnownFileType = wrapper.xcdatamodel; path = SquirrelLayout.xcdatamodel; sourceTree = "<group>"; };
/* End PBXFileReference section */

/* Begin PBXFrameworksBuildPhase section */
		D2B5B51924FD85CA00F7304E /* Frameworks */ = {
			isa = PBXFrameworksBuildPhase;
			buildActionMask = 2147483647;
			files = (
			);
			runOnlyForDeploymentPostprocessing = 0;
		};
/* End PBXFrameworksBuildPhase section */

/* Begin PBXGroup section */
		D2B5B51324FD85CA00F7304E = {
			isa = PBXGroup;
			children = (
				D24509942621F4AA00EB4BAC /* Localizable.strings */,
				D2B5B51E24FD85CA00F7304E /* Squirrel Designer */,
				D2B5B51D24FD85CA00F7304E /* Products */,
			);
			sourceTree = "<group>";
		};
		D2B5B51D24FD85CA00F7304E /* Products */ = {
			isa = PBXGroup;
			children = (
				D2B5B51C24FD85CA00F7304E /* Squirrel Designer.app */,
			);
			name = Products;
			sourceTree = "<group>";
		};
		D2B5B51E24FD85CA00F7304E /* Squirrel Designer */ = {
			isa = PBXGroup;
			children = (
				D2830BBE24FEFDD400BF44BE /* CodeView.swift */,
				D2B5B51F24FD85CA00F7304E /* AppDelegate.swift */,
				D2B5B52124FD85CA00F7304E /* ViewController.swift */,
				D2B5B53324FDCE2700F7304E /* LayoutModel.swift */,
				D2830BBA24FEC87E00BF44BE /* Template.swift */,
				D2B5B52324FD85CC00F7304E /* Assets.xcassets */,
				D2B5B52824FD85CC00F7304E /* Info.plist */,
				D24509842621E8D800EB4BAC /* Main.storyboard */,
				D2B5B52924FD85CC00F7304E /* Squirrel_Designer.entitlements */,
				D2BAA6A625009BEF007B6521 /* SquirrelLayout.xcdatamodeld */,
			);
			path = "Squirrel Designer";
			sourceTree = "<group>";
		};
/* End PBXGroup section */

/* Begin PBXNativeTarget section */
		D2B5B51B24FD85CA00F7304E /* Squirrel Designer */ = {
			isa = PBXNativeTarget;
			buildConfigurationList = D2B5B52C24FD85CC00F7304E /* Build configuration list for PBXNativeTarget "Squirrel Designer" */;
			buildPhases = (
				D2B5B51824FD85CA00F7304E /* Sources */,
				D2B5B51924FD85CA00F7304E /* Frameworks */,
				D2B5B51A24FD85CA00F7304E /* Resources */,
			);
			buildRules = (
			);
			dependencies = (
			);
			name = "Squirrel Designer";
			productName = "Squirrel Designer";
			productReference = D2B5B51C24FD85CA00F7304E /* Squirrel Designer.app */;
			productType = "com.apple.product-type.application";
		};
/* End PBXNativeTarget section */

/* Begin PBXProject section */
		D2B5B51424FD85CA00F7304E /* Project object */ = {
			isa = PBXProject;
			attributes = {
				LastSwiftUpdateCheck = 1160;
				LastUpgradeCheck = 1200;
				ORGANIZATIONNAME = "Yuncao Liu";
				TargetAttributes = {
					D2B5B51B24FD85CA00F7304E = {
						CreatedOnToolsVersion = 11.6;
					};
				};
			};
			buildConfigurationList = D2B5B51724FD85CA00F7304E /* Build configuration list for PBXProject "Squirrel Designer" */;
			compatibilityVersion = "Xcode 12.0";
			developmentRegion = en;
			hasScannedForEncodings = 0;
			knownRegions = (
				en,
				Base,
				"zh-Hant",
				"zh-Hans",
			);
			mainGroup = D2B5B51324FD85CA00F7304E;
			productRefGroup = D2B5B51D24FD85CA00F7304E /* Products */;
			projectDirPath = "";
			projectRoot = "";
			targets = (
				D2B5B51B24FD85CA00F7304E /* Squirrel Designer */,
			);
		};
/* End PBXProject section */

/* Begin PBXResourcesBuildPhase section */
		D2B5B51A24FD85CA00F7304E /* Resources */ = {
			isa = PBXResourcesBuildPhase;
			buildActionMask = 2147483647;
			files = (
				D2B5B52424FD85CC00F7304E /* Assets.xcassets in Resources */,
				D24509922621F4AA00EB4BAC /* Localizable.strings in Resources */,
				D24509822621E8D800EB4BAC /* Main.storyboard in Resources */,
			);
			runOnlyForDeploymentPostprocessing = 0;
		};
/* End PBXResourcesBuildPhase section */

/* Begin PBXSourcesBuildPhase section */
		D2B5B51824FD85CA00F7304E /* Sources */ = {
			isa = PBXSourcesBuildPhase;
			buildActionMask = 2147483647;
			files = (
				D2BAA6A825009BEF007B6521 /* SquirrelLayout.xcdatamodeld in Sources */,
				D2B5B52224FD85CA00F7304E /* ViewController.swift in Sources */,
				D2830BBB24FEC87E00BF44BE /* Template.swift in Sources */,
				D2B5B52024FD85CA00F7304E /* AppDelegate.swift in Sources */,
				D2830BBF24FEFDD400BF44BE /* CodeView.swift in Sources */,
				D2B5B53424FDCE2700F7304E /* LayoutModel.swift in Sources */,
			);
			runOnlyForDeploymentPostprocessing = 0;
		};
/* End PBXSourcesBuildPhase section */

/* Begin PBXVariantGroup section */
		D24509842621E8D800EB4BAC /* Main.storyboard */ = {
			isa = PBXVariantGroup;
			children = (
				D24509832621E8D800EB4BAC /* Base */,
				D2A48D2F2707BDA7002F5086 /* zh-Hans */,
				D2A48D312707BDBD002F5086 /* zh-Hant */,
			);
			name = Main.storyboard;
			sourceTree = "<group>";
		};
		D24509942621F4AA00EB4BAC /* Localizable.strings */ = {
			isa = PBXVariantGroup;
			children = (
				D24509932621F4AA00EB4BAC /* zh-Hant */,
				D24509952621F4AF00EB4BAC /* zh-Hans */,
			);
			name = Localizable.strings;
			path = "Squirrel Designer";
			sourceTree = SOURCE_ROOT;
		};
/* End PBXVariantGroup section */

/* Begin XCBuildConfiguration section */
		D2B5B52A24FD85CC00F7304E /* Debug */ = {
			isa = XCBuildConfiguration;
			buildSettings = {
				ALWAYS_SEARCH_USER_PATHS = NO;
				CLANG_ANALYZER_NONNULL = YES;
				CLANG_ANALYZER_NUMBER_OBJECT_CONVERSION = YES_AGGRESSIVE;
				CLANG_CXX_LANGUAGE_STANDARD = "gnu++14";
				CLANG_CXX_LIBRARY = "libc++";
				CLANG_ENABLE_MODULES = YES;
				CLANG_ENABLE_OBJC_ARC = YES;
				CLANG_ENABLE_OBJC_WEAK = YES;
				CLANG_WARN_BLOCK_CAPTURE_AUTORELEASING = YES;
				CLANG_WARN_BOOL_CONVERSION = YES;
				CLANG_WARN_COMMA = YES;
				CLANG_WARN_CONSTANT_CONVERSION = YES;
				CLANG_WARN_DEPRECATED_OBJC_IMPLEMENTATIONS = YES;
				CLANG_WARN_DIRECT_OBJC_ISA_USAGE = YES_ERROR;
				CLANG_WARN_DOCUMENTATION_COMMENTS = YES;
				CLANG_WARN_EMPTY_BODY = YES;
				CLANG_WARN_ENUM_CONVERSION = YES;
				CLANG_WARN_INFINITE_RECURSION = YES;
				CLANG_WARN_INT_CONVERSION = YES;
				CLANG_WARN_NON_LITERAL_NULL_CONVERSION = YES;
				CLANG_WARN_OBJC_IMPLICIT_RETAIN_SELF = YES;
				CLANG_WARN_OBJC_LITERAL_CONVERSION = YES;
				CLANG_WARN_OBJC_ROOT_CLASS = YES_ERROR;
				CLANG_WARN_QUOTED_INCLUDE_IN_FRAMEWORK_HEADER = YES;
				CLANG_WARN_RANGE_LOOP_ANALYSIS = YES;
				CLANG_WARN_STRICT_PROTOTYPES = YES;
				CLANG_WARN_SUSPICIOUS_MOVE = YES;
				CLANG_WARN_UNGUARDED_AVAILABILITY = YES_AGGRESSIVE;
				CLANG_WARN_UNREACHABLE_CODE = YES;
				CLANG_WARN__DUPLICATE_METHOD_MATCH = YES;
				COPY_PHASE_STRIP = NO;
				DEBUG_INFORMATION_FORMAT = dwarf;
				ENABLE_STRICT_OBJC_MSGSEND = YES;
				ENABLE_TESTABILITY = YES;
				EXCLUDED_ARCHS = "";
				GCC_C_LANGUAGE_STANDARD = gnu11;
				GCC_DYNAMIC_NO_PIC = NO;
				GCC_NO_COMMON_BLOCKS = YES;
				GCC_OPTIMIZATION_LEVEL = 0;
				GCC_PREPROCESSOR_DEFINITIONS = (
					"DEBUG=1",
					"$(inherited)",
				);
				GCC_WARN_64_TO_32_BIT_CONVERSION = YES;
				GCC_WARN_ABOUT_RETURN_TYPE = YES_ERROR;
				GCC_WARN_UNDECLARED_SELECTOR = YES;
				GCC_WARN_UNINITIALIZED_AUTOS = YES_AGGRESSIVE;
				GCC_WARN_UNUSED_FUNCTION = YES;
				GCC_WARN_UNUSED_VARIABLE = YES;
				MACOSX_DEPLOYMENT_TARGET = 11.0;
				MTL_ENABLE_DEBUG_INFO = INCLUDE_SOURCE;
				MTL_FAST_MATH = YES;
				ONLY_ACTIVE_ARCH = NO;
				SDKROOT = macosx;
				SWIFT_ACTIVE_COMPILATION_CONDITIONS = DEBUG;
				SWIFT_OPTIMIZATION_LEVEL = "-Onone";
			};
			name = Debug;
		};
		D2B5B52B24FD85CC00F7304E /* Release */ = {
			isa = XCBuildConfiguration;
			buildSettings = {
				ALWAYS_SEARCH_USER_PATHS = NO;
				CLANG_ANALYZER_NONNULL = YES;
				CLANG_ANALYZER_NUMBER_OBJECT_CONVERSION = YES_AGGRESSIVE;
				CLANG_CXX_LANGUAGE_STANDARD = "gnu++14";
				CLANG_CXX_LIBRARY = "libc++";
				CLANG_ENABLE_MODULES = YES;
				CLANG_ENABLE_OBJC_ARC = YES;
				CLANG_ENABLE_OBJC_WEAK = YES;
				CLANG_WARN_BLOCK_CAPTURE_AUTORELEASING = YES;
				CLANG_WARN_BOOL_CONVERSION = YES;
				CLANG_WARN_COMMA = YES;
				CLANG_WARN_CONSTANT_CONVERSION = YES;
				CLANG_WARN_DEPRECATED_OBJC_IMPLEMENTATIONS = YES;
				CLANG_WARN_DIRECT_OBJC_ISA_USAGE = YES_ERROR;
				CLANG_WARN_DOCUMENTATION_COMMENTS = YES;
				CLANG_WARN_EMPTY_BODY = YES;
				CLANG_WARN_ENUM_CONVERSION = YES;
				CLANG_WARN_INFINITE_RECURSION = YES;
				CLANG_WARN_INT_CONVERSION = YES;
				CLANG_WARN_NON_LITERAL_NULL_CONVERSION = YES;
				CLANG_WARN_OBJC_IMPLICIT_RETAIN_SELF = YES;
				CLANG_WARN_OBJC_LITERAL_CONVERSION = YES;
				CLANG_WARN_OBJC_ROOT_CLASS = YES_ERROR;
				CLANG_WARN_QUOTED_INCLUDE_IN_FRAMEWORK_HEADER = YES;
				CLANG_WARN_RANGE_LOOP_ANALYSIS = YES;
				CLANG_WARN_STRICT_PROTOTYPES = YES;
				CLANG_WARN_SUSPICIOUS_MOVE = YES;
				CLANG_WARN_UNGUARDED_AVAILABILITY = YES_AGGRESSIVE;
				CLANG_WARN_UNREACHABLE_CODE = YES;
				CLANG_WARN__DUPLICATE_METHOD_MATCH = YES;
				COPY_PHASE_STRIP = NO;
				DEBUG_INFORMATION_FORMAT = "dwarf-with-dsym";
				ENABLE_NS_ASSERTIONS = NO;
				ENABLE_STRICT_OBJC_MSGSEND = YES;
				EXCLUDED_ARCHS = "";
				GCC_C_LANGUAGE_STANDARD = gnu11;
				GCC_NO_COMMON_BLOCKS = YES;
				GCC_WARN_64_TO_32_BIT_CONVERSION = YES;
				GCC_WARN_ABOUT_RETURN_TYPE = YES_ERROR;
				GCC_WARN_UNDECLARED_SELECTOR = YES;
				GCC_WARN_UNINITIALIZED_AUTOS = YES_AGGRESSIVE;
				GCC_WARN_UNUSED_FUNCTION = YES;
				GCC_WARN_UNUSED_VARIABLE = YES;
				MACOSX_DEPLOYMENT_TARGET = 11.0;
				MTL_ENABLE_DEBUG_INFO = NO;
				MTL_FAST_MATH = YES;
				ONLY_ACTIVE_ARCH = NO;
				SDKROOT = macosx;
				SWIFT_COMPILATION_MODE = wholemodule;
				SWIFT_OPTIMIZATION_LEVEL = "-O";
			};
			name = Release;
		};
		D2B5B52D24FD85CC00F7304E /* Debug */ = {
			isa = XCBuildConfiguration;
			buildSettings = {
				ASSETCATALOG_COMPILER_APPICON_NAME = AppIcon;
				CODE_SIGN_ENTITLEMENTS = "Squirrel Designer/Squirrel_Designer.entitlements";
				CODE_SIGN_IDENTITY = "Apple Development";
				CODE_SIGN_STYLE = Automatic;
				COMBINE_HIDPI_IMAGES = YES;
				CURRENT_PROJECT_VERSION = 23;
				DEVELOPMENT_TEAM = 28HU5A7B46;
				ENABLE_HARDENED_RUNTIME = YES;
				INFOPLIST_FILE = "Squirrel Designer/Info.plist";
				LD_RUNPATH_SEARCH_PATHS = (
					"$(inherited)",
					"@executable_path/../Frameworks",
				);
				MACOSX_DEPLOYMENT_TARGET = 11.0;
				MARKETING_VERSION = 1.10;
				PRODUCT_BUNDLE_IDENTIFIER = "Rime.Squirrel-Designer";
				PRODUCT_NAME = "$(TARGET_NAME)";
				SWIFT_VERSION = 5.0;
			};
			name = Debug;
		};
		D2B5B52E24FD85CC00F7304E /* Release */ = {
			isa = XCBuildConfiguration;
			buildSettings = {
				ASSETCATALOG_COMPILER_APPICON_NAME = AppIcon;
				CODE_SIGN_ENTITLEMENTS = "Squirrel Designer/Squirrel_Designer.entitlements";
				CODE_SIGN_IDENTITY = "Apple Development";
				CODE_SIGN_STYLE = Automatic;
				COMBINE_HIDPI_IMAGES = YES;
				CURRENT_PROJECT_VERSION = 23;
				DEVELOPMENT_TEAM = 28HU5A7B46;
				ENABLE_HARDENED_RUNTIME = YES;
				INFOPLIST_FILE = "Squirrel Designer/Info.plist";
				LD_RUNPATH_SEARCH_PATHS = (
					"$(inherited)",
					"@executable_path/../Frameworks",
				);
				MACOSX_DEPLOYMENT_TARGET = 11.0;
				MARKETING_VERSION = 1.10;
				PRODUCT_BUNDLE_IDENTIFIER = "Rime.Squirrel-Designer";
				PRODUCT_NAME = "$(TARGET_NAME)";
				SWIFT_VERSION = 5.0;
			};
			name = Release;
		};
/* End XCBuildConfiguration section */

/* Begin XCConfigurationList section */
		D2B5B51724FD85CA00F7304E /* Build configuration list for PBXProject "Squirrel Designer" */ = {
			isa = XCConfigurationList;
			buildConfigurations = (
				D2B5B52A24FD85CC00F7304E /* Debug */,
				D2B5B52B24FD85CC00F7304E /* Release */,
			);
			defaultConfigurationIsVisible = 0;
			defaultConfigurationName = Release;
		};
		D2B5B52C24FD85CC00F7304E /* Build configuration list for PBXNativeTarget "Squirrel Designer" */ = {
			isa = XCConfigurationList;
			buildConfigurations = (
				D2B5B52D24FD85CC00F7304E /* Debug */,
				D2B5B52E24FD85CC00F7304E /* Release */,
			);
			defaultConfigurationIsVisible = 0;
			defaultConfigurationName = Release;
		};
/* End XCConfigurationList section */

/* Begin XCVersionGroup section */
		D2BAA6A625009BEF007B6521 /* SquirrelLayout.xcdatamodeld */ = {
			isa = XCVersionGroup;
			children = (
				D2BAA6A725009BEF007B6521 /* SquirrelLayout.xcdatamodel */,
			);
			currentVersion = D2BAA6A725009BEF007B6521 /* SquirrelLayout.xcdatamodel */;
			path = SquirrelLayout.xcdatamodeld;
			sourceTree = "<group>";
			versionGroupType = wrapper.xcdatamodel;
		};
/* End XCVersionGroup section */
	};
	rootObject = D2B5B51424FD85CA00F7304E /* Project object */;
}
